
Microsoft Visual Studio Solution File, Format Version 12.00
# Visual Studio Version 17
VisualStudioVersion = 17.14.36327.8 d17.14
MinimumVisualStudioVersion = 10.0.40219.1
Project("{FAE04EC0-301F-11D3-BF4B-00C04F79EFBC}") = "ST10296167_PROG7312_POE", "ST10296167_PROG7312_POE.csproj", "{7DF5FDED-168A-4A69-9802-73C22C89343A}"
EndProject
Global
	GlobalSection(SolutionConfigurationPlatforms) = preSolution
		Debug|Any CPU = Debug|Any CPU
		Release|Any CPU = Release|Any CPU
	EndGlobalSection
	GlobalSection(ProjectConfigurationPlatforms) = postSolution
		{7DF5FDED-168A-4A69-9802-73C22C89343A}.Debug|Any CPU.ActiveCfg = Debug|Any CPU
		{7DF5FDED-168A-4A69-9802-73C22C89343A}.Debug|Any CPU.Build.0 = Debug|Any CPU
		{7DF5FDED-168A-4A69-9802-73C22C89343A}.Release|Any CPU.ActiveCfg = Release|Any CPU
		{7DF5FDED-168A-4A69-9802-73C22C89343A}.Release|Any CPU.Build.0 = Release|Any CPU
	EndGlobalSection
	GlobalSection(SolutionProperties) = preSolution
		HideSolutionNode = FALSE
	EndGlobalSection
	GlobalSection(ExtensibilityGlobals) = postSolution
		SolutionGuid = {AB1EB675-5B16-4DDA-8161-D5176477348B}
	EndGlobalSection
EndGlobal
